
Microsoft Visual Studio Solution File, Format Version 12.00
# Visual Studio 15
VisualStudioVersion = 15.0.28307.572
MinimumVisualStudioVersion = 10.0.40219.1
Project("{159641D6-6404-4A2A-AE62-294DE0FE8301}") = "SSIS Test", "SSIS Test\SSIS Test.dtproj", "{D79F9D51-9777-4814-837E-38DF8A404A47}"
EndProject
Global
	GlobalSection(SolutionConfigurationPlatforms) = preSolution
		Development|Default = Development|Default
	EndGlobalSection
	GlobalSection(ProjectConfigurationPlatforms) = postSolution
		{D79F9D51-9777-4814-837E-38DF8A404A47}.Development|Default.ActiveCfg = Development
		{D79F9D51-9777-4814-837E-38DF8A404A47}.Development|Default.Build.0 = Development
	EndGlobalSection
	GlobalSection(SolutionProperties) = preSolution
		HideSolutionNode = FALSE
	EndGlobalSection
	GlobalSection(ExtensibilityGlobals) = postSolution
		SolutionGuid = {3B1BD154-8615-4F7D-BD2D-98B066EABBC9}
	EndGlobalSection
EndGlobal
